// !$*UTF8*$!
{
	archiveVersion = 1;
	classes = {
	};
	objectVersion = 77;
	objects = {

/* Begin PBXBuildFile section */
		21196F592DC25F5B00662CC3 /* WidgetKit.framework in Frameworks */ = {isa = PBXBuildFile; fileRef = 21196F102DC1115900662CC3 /* WidgetKit.framework */; };
		21196F5A2DC25F5B00662CC3 /* SwiftUI.framework in Frameworks */ = {isa = PBXBuildFile; fileRef = 21196F122DC1115900662CC3 /* SwiftUI.framework */; };
		21196F6B2DC25F6000662CC3 /* CatbirdNotificationWidgetExtension.appex in Embed Foundation Extensions */ = {isa = PBXBuildFile; fileRef = 21196F582DC25F5B00662CC3 /* CatbirdNotificationWidgetExtension.appex */; settings = {ATTRIBUTES = (RemoveHeadersOnCopy, ); }; };
		2121B3F52DF5201E003871F1 /* ExyteChat in Frameworks */ = {isa = PBXBuildFile; productRef = 2121B3F42DF5201E003871F1 /* ExyteChat */; };
		212E943A2D61003F00D3E1DD /* Petrel in Frameworks */ = {isa = PBXBuildFile; productRef = 212E94392D61003F00D3E1DD /* Petrel */; };
		212E94692D6183D600D3E1DD /* Nuke in Frameworks */ = {isa = PBXBuildFile; productRef = 212E94682D6183D600D3E1DD /* Nuke */; };
		212E946B2D6183D600D3E1DD /* NukeExtensions in Frameworks */ = {isa = PBXBuildFile; productRef = 212E946A2D6183D600D3E1DD /* NukeExtensions */; };
		212E946D2D6183D600D3E1DD /* NukeUI in Frameworks */ = {isa = PBXBuildFile; productRef = 212E946C2D6183D600D3E1DD /* NukeUI */; };
		215795952D9E16F60030A8C7 /* PrivacyInfo.xcprivacy in Resources */ = {isa = PBXBuildFile; fileRef = 215795942D9E16F60030A8C7 /* PrivacyInfo.xcprivacy */; };
		216E56FF2E0EFEF8001E7844 /* FaultOrdering in Frameworks */ = {isa = PBXBuildFile; productRef = 216E56FE2E0EFEF8001E7844 /* FaultOrdering */; };
		216E57002E0EFEF8001E7844 /* FaultOrdering in Embed Frameworks */ = {isa = PBXBuildFile; productRef = 216E56FE2E0EFEF8001E7844 /* FaultOrdering */; settings = {ATTRIBUTES = (CodeSignOnCopy, ); }; };
		216E57022E0EFF02001E7844 /* FaultOrdering in Frameworks */ = {isa = PBXBuildFile; productRef = 216E57012E0EFF02001E7844 /* FaultOrdering */; };
		216E57032E0EFF02001E7844 /* FaultOrdering in Embed Frameworks */ = {isa = PBXBuildFile; productRef = 216E57012E0EFF02001E7844 /* FaultOrdering */; settings = {ATTRIBUTES = (CodeSignOnCopy, ); }; };
		216E57052E0EFF02001E7844 /* FaultOrderingTests in Frameworks */ = {isa = PBXBuildFile; productRef = 216E57042E0EFF02001E7844 /* FaultOrderingTests */; };
		218B7A8C2D70B1AE0053987F /* LazyPager in Frameworks */ = {isa = PBXBuildFile; productRef = 218B7A8B2D70B1AE0053987F /* LazyPager */; };
		21993E002DCE71E600E13661 /* MCEmojiPicker in Frameworks */ = {isa = PBXBuildFile; productRef = 21993DFF2DCE71E600E13661 /* MCEmojiPicker */; };
		21AC6E642DD0E0E700251536 /* .swiftlint.yml in Resources */ = {isa = PBXBuildFile; fileRef = 21AC6E632DD0E0E700251536 /* .swiftlint.yml */; };
		21DDE5EF2DF4EDAF009E9825 /* WidgetKit.framework in Frameworks */ = {isa = PBXBuildFile; fileRef = 21196F102DC1115900662CC3 /* WidgetKit.framework */; platformFilters = (ios, macos, ); };
		21DDE5F02DF4EDAF009E9825 /* SwiftUI.framework in Frameworks */ = {isa = PBXBuildFile; fileRef = 21196F122DC1115900662CC3 /* SwiftUI.framework */; };
		21DDE5FE2DF4EDB5009E9825 /* CatbirdFeedWidgetExtension.appex in Embed Foundation Extensions */ = {isa = PBXBuildFile; fileRef = 21DDE5EE2DF4EDAD009E9825 /* CatbirdFeedWidgetExtension.appex */; settings = {ATTRIBUTES = (RemoveHeadersOnCopy, ); }; };
		21E0CFC82DE3B9F70008DDF1 /* Petrel in Frameworks */ = {isa = PBXBuildFile; productRef = 21A87CAC2D94390D0062F8E9 /* Petrel */; };
		21E1082A2D70BE6F0030A71C /* OrderedCollections in Frameworks */ = {isa = PBXBuildFile; productRef = 21E108292D70BE6F0030A71C /* OrderedCollections */; };
		21ECC9B62DC26B7100C2049B /* Petrel in Frameworks */ = {isa = PBXBuildFile; productRef = 21ECC9B52DC26B7100C2049B /* Petrel */; };
		21F0719A2E0CF6CF003BE8C2 /* Linkmap.txt in Resources */ = {isa = PBXBuildFile; fileRef = 21F071992E0CF6CF003BE8C2 /* Linkmap.txt */; };
		21F071A62E0D0720003BE8C2 /* FaultOrdering in Embed Frameworks */ = {isa = PBXBuildFile; productRef = 21F071A12E0D0680003BE8C2 /* FaultOrdering */; settings = {ATTRIBUTES = (CodeSignOnCopy, ); }; };
/* End PBXBuildFile section */

/* Begin PBXContainerItemProxy section */
		21196F692DC25F6000662CC3 /* PBXContainerItemProxy */ = {
			isa = PBXContainerItemProxy;
			containerPortal = 212E93F52D60132700D3E1DD /* Project object */;
			proxyType = 1;
			remoteGlobalIDString = 21196F572DC25F5B00662CC3;
			remoteInfo = CatbirdNotificationWidgetExtension;
		};
		212E94122D60132A00D3E1DD /* PBXContainerItemProxy */ = {
			isa = PBXContainerItemProxy;
			containerPortal = 212E93F52D60132700D3E1DD /* Project object */;
			proxyType = 1;
			remoteGlobalIDString = 212E93FC2D60132700D3E1DD;
			remoteInfo = Catbird;
		};
		212E941C2D60132A00D3E1DD /* PBXContainerItemProxy */ = {
			isa = PBXContainerItemProxy;
			containerPortal = 212E93F52D60132700D3E1DD /* Project object */;
			proxyType = 1;
			remoteGlobalIDString = 212E93FC2D60132700D3E1DD;
			remoteInfo = Catbird;
		};
		21DDE5FC2DF4EDB5009E9825 /* PBXContainerItemProxy */ = {
			isa = PBXContainerItemProxy;
			containerPortal = 212E93F52D60132700D3E1DD /* Project object */;
			proxyType = 1;
			remoteGlobalIDString = 21DDE5ED2DF4EDAD009E9825;
			remoteInfo = CatbirdFeedWidgetExtension;
		};
/* End PBXContainerItemProxy section */

/* Begin PBXCopyFilesBuildPhase section */
		21196F292DC1115E00662CC3 /* Embed Foundation Extensions */ = {
			isa = PBXCopyFilesBuildPhase;
			buildActionMask = 2147483647;
			dstPath = "";
			dstSubfolderSpec = 13;
			files = (
				21DDE5FE2DF4EDB5009E9825 /* CatbirdFeedWidgetExtension.appex in Embed Foundation Extensions */,
				21196F6B2DC25F6000662CC3 /* CatbirdNotificationWidgetExtension.appex in Embed Foundation Extensions */,
			);
			name = "Embed Foundation Extensions";
			runOnlyForDeploymentPostprocessing = 0;
		};
		21F0719D2E0CF935003BE8C2 /* Embed Frameworks */ = {
			isa = PBXCopyFilesBuildPhase;
			buildActionMask = 2147483647;
			dstPath = "";
			dstSubfolderSpec = 10;
			files = (
				216E57002E0EFEF8001E7844 /* FaultOrdering in Embed Frameworks */,
			);
			name = "Embed Frameworks";
			runOnlyForDeploymentPostprocessing = 0;
		};
		21F071A52E0D0720003BE8C2 /* Embed Frameworks */ = {
			isa = PBXCopyFilesBuildPhase;
			buildActionMask = 2147483647;
			dstPath = "";
			dstSubfolderSpec = 10;
			files = (
				21F071A62E0D0720003BE8C2 /* FaultOrdering in Embed Frameworks */,
				216E57032E0EFF02001E7844 /* FaultOrdering in Embed Frameworks */,
			);
			name = "Embed Frameworks";
			runOnlyForDeploymentPostprocessing = 0;
		};
/* End PBXCopyFilesBuildPhase section */

/* Begin PBXFileReference section */
		21196F102DC1115900662CC3 /* WidgetKit.framework */ = {isa = PBXFileReference; lastKnownFileType = wrapper.framework; name = WidgetKit.framework; path = System/Library/Frameworks/WidgetKit.framework; sourceTree = SDKROOT; };
		21196F122DC1115900662CC3 /* SwiftUI.framework */ = {isa = PBXFileReference; lastKnownFileType = wrapper.framework; name = SwiftUI.framework; path = System/Library/Frameworks/SwiftUI.framework; sourceTree = SDKROOT; };
		21196F582DC25F5B00662CC3 /* CatbirdNotificationWidgetExtension.appex */ = {isa = PBXFileReference; explicitFileType = "wrapper.app-extension"; includeInIndex = 0; path = CatbirdNotificationWidgetExtension.appex; sourceTree = BUILT_PRODUCTS_DIR; };
		212E93FD2D60132700D3E1DD /* Catbird.app */ = {isa = PBXFileReference; explicitFileType = wrapper.application; includeInIndex = 0; path = Catbird.app; sourceTree = BUILT_PRODUCTS_DIR; };
		212E94112D60132A00D3E1DD /* CatbirdTests.xctest */ = {isa = PBXFileReference; explicitFileType = wrapper.cfbundle; includeInIndex = 0; path = CatbirdTests.xctest; sourceTree = BUILT_PRODUCTS_DIR; };
		212E941B2D60132A00D3E1DD /* CatbirdUITests.xctest */ = {isa = PBXFileReference; explicitFileType = wrapper.cfbundle; includeInIndex = 0; path = CatbirdUITests.xctest; sourceTree = BUILT_PRODUCTS_DIR; };
		215795942D9E16F60030A8C7 /* PrivacyInfo.xcprivacy */ = {isa = PBXFileReference; lastKnownFileType = text.xml; path = PrivacyInfo.xcprivacy; sourceTree = "<group>"; };
		21AC6E632DD0E0E700251536 /* .swiftlint.yml */ = {isa = PBXFileReference; lastKnownFileType = text.yaml; path = .swiftlint.yml; sourceTree = "<group>"; };
		21DDE5EE2DF4EDAD009E9825 /* CatbirdFeedWidgetExtension.appex */ = {isa = PBXFileReference; explicitFileType = "wrapper.app-extension"; includeInIndex = 0; path = CatbirdFeedWidgetExtension.appex; sourceTree = BUILT_PRODUCTS_DIR; };
		21F071992E0CF6CF003BE8C2 /* Linkmap.txt */ = {isa = PBXFileReference; lastKnownFileType = text; path = Linkmap.txt; sourceTree = "<group>"; };
/* End PBXFileReference section */

/* Begin PBXFileSystemSynchronizedBuildFileExceptionSet section */
		21DDCCF82DD2AD48004947CD /* Exceptions for "CatbirdNotificationWidget" folder in "CatbirdNotificationWidgetExtension" target */ = {
			isa = PBXFileSystemSynchronizedBuildFileExceptionSet;
			membershipExceptions = (
				Info.plist,
			);
			target = 21196F572DC25F5B00662CC3 /* CatbirdNotificationWidgetExtension */;
		};
		21DDCCF92DD2AD59004947CD /* Exceptions for "Catbird" folder in "Catbird" target */ = {
			isa = PBXFileSystemSynchronizedBuildFileExceptionSet;
			membershipExceptions = (
				App/Info.plist,
				Assets.xcassets,
			);
			target = 212E93FC2D60132700D3E1DD /* Catbird */;
		};
		21DDE6022DF4EDB5009E9825 /* Exceptions for "CatbirdFeedWidget" folder in "CatbirdFeedWidgetExtension" target */ = {
			isa = PBXFileSystemSynchronizedBuildFileExceptionSet;
			membershipExceptions = (
				Info.plist,
			);
			target = 21DDE5ED2DF4EDAD009E9825 /* CatbirdFeedWidgetExtension */;
		};
/* End PBXFileSystemSynchronizedBuildFileExceptionSet section */

/* Begin PBXFileSystemSynchronizedRootGroup section */
		21196F5B2DC25F5B00662CC3 /* CatbirdNotificationWidget */ = {
			isa = PBXFileSystemSynchronizedRootGroup;
			exceptions = (
				21DDCCF82DD2AD48004947CD /* Exceptions for "CatbirdNotificationWidget" folder in "CatbirdNotificationWidgetExtension" target */,
			);
			path = CatbirdNotificationWidget;
			sourceTree = "<group>";
		};
		212E93FF2D60132700D3E1DD /* Catbird */ = {
			isa = PBXFileSystemSynchronizedRootGroup;
			exceptions = (
				21DDCCF92DD2AD59004947CD /* Exceptions for "Catbird" folder in "Catbird" target */,
			);
			path = Catbird;
			sourceTree = "<group>";
		};
		212E94142D60132A00D3E1DD /* CatbirdTests */ = {
			isa = PBXFileSystemSynchronizedRootGroup;
			path = CatbirdTests;
			sourceTree = "<group>";
		};
		212E941E2D60132A00D3E1DD /* CatbirdUITests */ = {
			isa = PBXFileSystemSynchronizedRootGroup;
			path = CatbirdUITests;
			sourceTree = "<group>";
		};
		21DDE5F12DF4EDAF009E9825 /* CatbirdFeedWidget */ = {
			isa = PBXFileSystemSynchronizedRootGroup;
			exceptions = (
				21DDE6022DF4EDB5009E9825 /* Exceptions for "CatbirdFeedWidget" folder in "CatbirdFeedWidgetExtension" target */,
			);
			path = CatbirdFeedWidget;
			sourceTree = "<group>";
		};
/* End PBXFileSystemSynchronizedRootGroup section */

/* Begin PBXFrameworksBuildPhase section */
		21196F552DC25F5B00662CC3 /* Frameworks */ = {
			isa = PBXFrameworksBuildPhase;
			buildActionMask = 2147483647;
			files = (
				21196F5A2DC25F5B00662CC3 /* SwiftUI.framework in Frameworks */,
				21ECC9B62DC26B7100C2049B /* Petrel in Frameworks */,
				21196F592DC25F5B00662CC3 /* WidgetKit.framework in Frameworks */,
			);
			runOnlyForDeploymentPostprocessing = 0;
		};
		212E93FA2D60132700D3E1DD /* Frameworks */ = {
			isa = PBXFrameworksBuildPhase;
			buildActionMask = 2147483647;
			files = (
				21E0CFC82DE3B9F70008DDF1 /* Petrel in Frameworks */,
				212E943A2D61003F00D3E1DD /* Petrel in Frameworks */,
				21993E002DCE71E600E13661 /* MCEmojiPicker in Frameworks */,
				212E94692D6183D600D3E1DD /* Nuke in Frameworks */,
				21E1082A2D70BE6F0030A71C /* OrderedCollections in Frameworks */,
				2121B3F52DF5201E003871F1 /* ExyteChat in Frameworks */,
				212E946B2D6183D600D3E1DD /* NukeExtensions in Frameworks */,
				212E946D2D6183D600D3E1DD /* NukeUI in Frameworks */,
				218B7A8C2D70B1AE0053987F /* LazyPager in Frameworks */,
				216E56FF2E0EFEF8001E7844 /* FaultOrdering in Frameworks */,
			);
			runOnlyForDeploymentPostprocessing = 0;
		};
		212E940E2D60132A00D3E1DD /* Frameworks */ = {
			isa = PBXFrameworksBuildPhase;
			buildActionMask = 2147483647;
			files = (
			);
			runOnlyForDeploymentPostprocessing = 0;
		};
		212E94182D60132A00D3E1DD /* Frameworks */ = {
			isa = PBXFrameworksBuildPhase;
			buildActionMask = 2147483647;
			files = (
				216E57022E0EFF02001E7844 /* FaultOrdering in Frameworks */,
				216E57052E0EFF02001E7844 /* FaultOrderingTests in Frameworks */,
			);
			runOnlyForDeploymentPostprocessing = 0;
		};
		21DDE5EB2DF4EDAD009E9825 /* Frameworks */ = {
			isa = PBXFrameworksBuildPhase;
			buildActionMask = 2147483647;
			files = (
				21DDE5F02DF4EDAF009E9825 /* SwiftUI.framework in Frameworks */,
				21DDE5EF2DF4EDAF009E9825 /* WidgetKit.framework in Frameworks */,
			);
			runOnlyForDeploymentPostprocessing = 0;
		};
/* End PBXFrameworksBuildPhase section */

/* Begin PBXGroup section */
		212E93F42D60132700D3E1DD = {
			isa = PBXGroup;
			children = (
				21F071992E0CF6CF003BE8C2 /* Linkmap.txt */,
				21AC6E632DD0E0E700251536 /* .swiftlint.yml */,
				215795942D9E16F60030A8C7 /* PrivacyInfo.xcprivacy */,
				212E93FF2D60132700D3E1DD /* Catbird */,
				212E94142D60132A00D3E1DD /* CatbirdTests */,
				212E941E2D60132A00D3E1DD /* CatbirdUITests */,
				21196F5B2DC25F5B00662CC3 /* CatbirdNotificationWidget */,
				21DDE5F12DF4EDAF009E9825 /* CatbirdFeedWidget */,
				21E108282D70BE6F0030A71C /* Frameworks */,
				212E93FE2D60132700D3E1DD /* Products */,
			);
			sourceTree = "<group>";
		};
		212E93FE2D60132700D3E1DD /* Products */ = {
			isa = PBXGroup;
			children = (
				212E93FD2D60132700D3E1DD /* Catbird.app */,
				212E94112D60132A00D3E1DD /* CatbirdTests.xctest */,
				212E941B2D60132A00D3E1DD /* CatbirdUITests.xctest */,
				21196F582DC25F5B00662CC3 /* CatbirdNotificationWidgetExtension.appex */,
				21DDE5EE2DF4EDAD009E9825 /* CatbirdFeedWidgetExtension.appex */,
			);
			name = Products;
			sourceTree = "<group>";
		};
		21E108282D70BE6F0030A71C /* Frameworks */ = {
			isa = PBXGroup;
			children = (
				21196F102DC1115900662CC3 /* WidgetKit.framework */,
				21196F122DC1115900662CC3 /* SwiftUI.framework */,
			);
			name = Frameworks;
			sourceTree = "<group>";
		};
/* End PBXGroup section */

/* Begin PBXNativeTarget section */
		21196F572DC25F5B00662CC3 /* CatbirdNotificationWidgetExtension */ = {
			isa = PBXNativeTarget;
			buildConfigurationList = 21196F6C2DC25F6000662CC3 /* Build configuration list for PBXNativeTarget "CatbirdNotificationWidgetExtension" */;
			buildPhases = (
				21196F542DC25F5B00662CC3 /* Sources */,
				21196F552DC25F5B00662CC3 /* Frameworks */,
				21196F562DC25F5B00662CC3 /* Resources */,
			);
			buildRules = (
			);
			dependencies = (
			);
			fileSystemSynchronizedGroups = (
				21196F5B2DC25F5B00662CC3 /* CatbirdNotificationWidget */,
			);
			name = CatbirdNotificationWidgetExtension;
			packageProductDependencies = (
				21ECC9B52DC26B7100C2049B /* Petrel */,
			);
			productName = CatbirdNotificationWidgetExtension;
			productReference = 21196F582DC25F5B00662CC3 /* CatbirdNotificationWidgetExtension.appex */;
			productType = "com.apple.product-type.app-extension";
		};
		212E93FC2D60132700D3E1DD /* Catbird */ = {
			isa = PBXNativeTarget;
			buildConfigurationList = 212E94242D60132A00D3E1DD /* Build configuration list for PBXNativeTarget "Catbird" */;
			buildPhases = (
				212E93F92D60132700D3E1DD /* Sources */,
				212E93FA2D60132700D3E1DD /* Frameworks */,
				212E93FB2D60132700D3E1DD /* Resources */,
				21196F292DC1115E00662CC3 /* Embed Foundation Extensions */,
				21AC6E602DD0DDBF00251536 /* Run Script */,
				21F0719D2E0CF935003BE8C2 /* Embed Frameworks */,
			);
			buildRules = (
			);
			dependencies = (
				21196F6A2DC25F6000662CC3 /* PBXTargetDependency */,
				21DDE5FD2DF4EDB5009E9825 /* PBXTargetDependency */,
			);
			fileSystemSynchronizedGroups = (
				212E93FF2D60132700D3E1DD /* Catbird */,
			);
			name = Catbird;
			packageProductDependencies = (
				212E94392D61003F00D3E1DD /* Petrel */,
				212E94682D6183D600D3E1DD /* Nuke */,
				212E946A2D6183D600D3E1DD /* NukeExtensions */,
				212E946C2D6183D600D3E1DD /* NukeUI */,
				218B7A8B2D70B1AE0053987F /* LazyPager */,
				21E108292D70BE6F0030A71C /* OrderedCollections */,
				21A87CAC2D94390D0062F8E9 /* Petrel */,
				21993DFF2DCE71E600E13661 /* MCEmojiPicker */,
				2121B3F42DF5201E003871F1 /* ExyteChat */,
				216E56FE2E0EFEF8001E7844 /* FaultOrdering */,
			);
			productName = Catbird;
			productReference = 212E93FD2D60132700D3E1DD /* Catbird.app */;
			productType = "com.apple.product-type.application";
		};
		212E94102D60132A00D3E1DD /* CatbirdTests */ = {
			isa = PBXNativeTarget;
			buildConfigurationList = 212E94292D60132A00D3E1DD /* Build configuration list for PBXNativeTarget "CatbirdTests" */;
			buildPhases = (
				212E940D2D60132A00D3E1DD /* Sources */,
				212E940E2D60132A00D3E1DD /* Frameworks */,
				212E940F2D60132A00D3E1DD /* Resources */,
			);
			buildRules = (
			);
			dependencies = (
				212E94132D60132A00D3E1DD /* PBXTargetDependency */,
			);
			fileSystemSynchronizedGroups = (
				212E94142D60132A00D3E1DD /* CatbirdTests */,
			);
			name = CatbirdTests;
			packageProductDependencies = (
			);
			productName = CatbirdTests;
			productReference = 212E94112D60132A00D3E1DD /* CatbirdTests.xctest */;
			productType = "com.apple.product-type.bundle.unit-test";
		};
		212E941A2D60132A00D3E1DD /* CatbirdUITests */ = {
			isa = PBXNativeTarget;
			buildConfigurationList = 212E942C2D60132A00D3E1DD /* Build configuration list for PBXNativeTarget "CatbirdUITests" */;
			buildPhases = (
				212E94172D60132A00D3E1DD /* Sources */,
				212E94182D60132A00D3E1DD /* Frameworks */,
				212E94192D60132A00D3E1DD /* Resources */,
				21F071A52E0D0720003BE8C2 /* Embed Frameworks */,
			);
			buildRules = (
			);
			dependencies = (
				212E941D2D60132A00D3E1DD /* PBXTargetDependency */,
			);
			fileSystemSynchronizedGroups = (
				212E941E2D60132A00D3E1DD /* CatbirdUITests */,
			);
			name = CatbirdUITests;
			packageProductDependencies = (
				216E57012E0EFF02001E7844 /* FaultOrdering */,
				216E57042E0EFF02001E7844 /* FaultOrderingTests */,
			);
			productName = CatbirdUITests;
			productReference = 212E941B2D60132A00D3E1DD /* CatbirdUITests.xctest */;
			productType = "com.apple.product-type.bundle.ui-testing";
		};
		21DDE5ED2DF4EDAD009E9825 /* CatbirdFeedWidgetExtension */ = {
			isa = PBXNativeTarget;
			buildConfigurationList = 21DDE6012DF4EDB5009E9825 /* Build configuration list for PBXNativeTarget "CatbirdFeedWidgetExtension" */;
			buildPhases = (
				21DDE5EA2DF4EDAD009E9825 /* Sources */,
				21DDE5EB2DF4EDAD009E9825 /* Frameworks */,
				21DDE5EC2DF4EDAD009E9825 /* Resources */,
			);
			buildRules = (
			);
			dependencies = (
			);
			fileSystemSynchronizedGroups = (
				21DDE5F12DF4EDAF009E9825 /* CatbirdFeedWidget */,
			);
			name = CatbirdFeedWidgetExtension;
			packageProductDependencies = (
			);
			productName = CatbirdFeedWidgetExtension;
			productReference = 21DDE5EE2DF4EDAD009E9825 /* CatbirdFeedWidgetExtension.appex */;
			productType = "com.apple.product-type.app-extension";
		};
/* End PBXNativeTarget section */

/* Begin PBXProject section */
		212E93F52D60132700D3E1DD /* Project object */ = {
			isa = PBXProject;
			attributes = {
				BuildIndependentTargetsInParallel = 1;
				LastSwiftUpdateCheck = 1640;
				LastUpgradeCheck = 2600;
				TargetAttributes = {
					21196F572DC25F5B00662CC3 = {
						CreatedOnToolsVersion = 16.3;
					};
					212E93FC2D60132700D3E1DD = {
						CreatedOnToolsVersion = 16.2;
					};
					212E94102D60132A00D3E1DD = {
						CreatedOnToolsVersion = 16.2;
						TestTargetID = 212E93FC2D60132700D3E1DD;
					};
					212E941A2D60132A00D3E1DD = {
						CreatedOnToolsVersion = 16.2;
						TestTargetID = 212E93FC2D60132700D3E1DD;
					};
					21DDE5ED2DF4EDAD009E9825 = {
						CreatedOnToolsVersion = 16.4;
					};
				};
			};
			buildConfigurationList = 212E93F82D60132700D3E1DD /* Build configuration list for PBXProject "Catbird" */;
			developmentRegion = en;
			hasScannedForEncodings = 0;
			knownRegions = (
				en,
				Base,
			);
			mainGroup = 212E93F42D60132700D3E1DD;
			minimizedProjectReferenceProxies = 1;
			packageReferences = (
				212E94672D6183D600D3E1DD /* XCRemoteSwiftPackageReference "Nuke" */,
				2194B3C42D70AA13004268BE /* XCRemoteSwiftPackageReference "swift-collections" */,
				218B7A8A2D70B1AE0053987F /* XCRemoteSwiftPackageReference "LazyPager" */,
				21A87CAB2D94390D0062F8E9 /* XCLocalSwiftPackageReference "../Petrel" */,
				21993DFE2DCE71E600E13661 /* XCRemoteSwiftPackageReference "MCEmojiPicker" */,
				2121B3F32DF5201E003871F1 /* XCRemoteSwiftPackageReference "Chat" */,
				216E56FD2E0EFEDA001E7844 /* XCLocalSwiftPackageReference "../FaultOrdering-1.0.0" */,
			);
			preferredProjectObjectVersion = 77;
			productRefGroup = 212E93FE2D60132700D3E1DD /* Products */;
			projectDirPath = "";
			projectRoot = "";
			targets = (
				212E93FC2D60132700D3E1DD /* Catbird */,
				212E94102D60132A00D3E1DD /* CatbirdTests */,
				212E941A2D60132A00D3E1DD /* CatbirdUITests */,
				21196F572DC25F5B00662CC3 /* CatbirdNotificationWidgetExtension */,
				21DDE5ED2DF4EDAD009E9825 /* CatbirdFeedWidgetExtension */,
			);
		};
/* End PBXProject section */

/* Begin PBXResourcesBuildPhase section */
		21196F562DC25F5B00662CC3 /* Resources */ = {
			isa = PBXResourcesBuildPhase;
			buildActionMask = 2147483647;
			files = (
			);
			runOnlyForDeploymentPostprocessing = 0;
		};
		212E93FB2D60132700D3E1DD /* Resources */ = {
			isa = PBXResourcesBuildPhase;
			buildActionMask = 2147483647;
			files = (
				21AC6E642DD0E0E700251536 /* .swiftlint.yml in Resources */,
				215795952D9E16F60030A8C7 /* PrivacyInfo.xcprivacy in Resources */,
			);
			runOnlyForDeploymentPostprocessing = 0;
		};
		212E940F2D60132A00D3E1DD /* Resources */ = {
			isa = PBXResourcesBuildPhase;
			buildActionMask = 2147483647;
			files = (
			);
			runOnlyForDeploymentPostprocessing = 0;
		};
		212E94192D60132A00D3E1DD /* Resources */ = {
			isa = PBXResourcesBuildPhase;
			buildActionMask = 2147483647;
			files = (
				21F0719A2E0CF6CF003BE8C2 /* Linkmap.txt in Resources */,
			);
			runOnlyForDeploymentPostprocessing = 0;
		};
		21DDE5EC2DF4EDAD009E9825 /* Resources */ = {
			isa = PBXResourcesBuildPhase;
			buildActionMask = 2147483647;
			files = (
			);
			runOnlyForDeploymentPostprocessing = 0;
		};
/* End PBXResourcesBuildPhase section */

/* Begin PBXShellScriptBuildPhase section */
		21AC6E602DD0DDBF00251536 /* Run Script */ = {
			isa = PBXShellScriptBuildPhase;
			alwaysOutOfDate = 1;
			buildActionMask = 2147483647;
			files = (
			);
			inputFileListPaths = (
			);
			inputPaths = (
			);
			name = "Run Script";
			outputFileListPaths = (
			);
			outputPaths = (
			);
			runOnlyForDeploymentPostprocessing = 0;
			shellPath = /bin/sh;
			shellScript = "#if command -v swiftlint >/dev/null 2>&1\n#then\n#    swiftlint\n#    swiftlint --fix\n#else\n#    echo \"warning: `swiftlint` command not found - See https://github.com/realm/SwiftLint#installation for installation instructions.\"\n#fi\n";
		};
/* End PBXShellScriptBuildPhase section */

/* Begin PBXSourcesBuildPhase section */
		21196F542DC25F5B00662CC3 /* Sources */ = {
			isa = PBXSourcesBuildPhase;
			buildActionMask = 2147483647;
			files = (
			);
			runOnlyForDeploymentPostprocessing = 0;
		};
		212E93F92D60132700D3E1DD /* Sources */ = {
			isa = PBXSourcesBuildPhase;
			buildActionMask = 2147483647;
			files = (
			);
			runOnlyForDeploymentPostprocessing = 0;
		};
		212E940D2D60132A00D3E1DD /* Sources */ = {
			isa = PBXSourcesBuildPhase;
			buildActionMask = 2147483647;
			files = (
			);
			runOnlyForDeploymentPostprocessing = 0;
		};
		212E94172D60132A00D3E1DD /* Sources */ = {
			isa = PBXSourcesBuildPhase;
			buildActionMask = 2147483647;
			files = (
			);
			runOnlyForDeploymentPostprocessing = 0;
		};
		21DDE5EA2DF4EDAD009E9825 /* Sources */ = {
			isa = PBXSourcesBuildPhase;
			buildActionMask = 2147483647;
			files = (
			);
			runOnlyForDeploymentPostprocessing = 0;
		};
/* End PBXSourcesBuildPhase section */

/* Begin PBXTargetDependency section */
		21196F6A2DC25F6000662CC3 /* PBXTargetDependency */ = {
			isa = PBXTargetDependency;
			target = 21196F572DC25F5B00662CC3 /* CatbirdNotificationWidgetExtension */;
			targetProxy = 21196F692DC25F6000662CC3 /* PBXContainerItemProxy */;
		};
		212E94132D60132A00D3E1DD /* PBXTargetDependency */ = {
			isa = PBXTargetDependency;
			target = 212E93FC2D60132700D3E1DD /* Catbird */;
			targetProxy = 212E94122D60132A00D3E1DD /* PBXContainerItemProxy */;
		};
		212E941D2D60132A00D3E1DD /* PBXTargetDependency */ = {
			isa = PBXTargetDependency;
			target = 212E93FC2D60132700D3E1DD /* Catbird */;
			targetProxy = 212E941C2D60132A00D3E1DD /* PBXContainerItemProxy */;
		};
		21DDE5FD2DF4EDB5009E9825 /* PBXTargetDependency */ = {
			isa = PBXTargetDependency;
			target = 21DDE5ED2DF4EDAD009E9825 /* CatbirdFeedWidgetExtension */;
			targetProxy = 21DDE5FC2DF4EDB5009E9825 /* PBXContainerItemProxy */;
		};
/* End PBXTargetDependency section */

/* Begin XCBuildConfiguration section */
		21196F6D2DC25F6000662CC3 /* Debug */ = {
			isa = XCBuildConfiguration;
			buildSettings = {
				ASSETCATALOG_COMPILER_GLOBAL_ACCENT_COLOR_NAME = AccentColor;
				ASSETCATALOG_COMPILER_WIDGET_BACKGROUND_COLOR_NAME = WidgetBackground;
				CODE_SIGN_ENTITLEMENTS = CatbirdNotificationWidgetExtension.entitlements;
				CODE_SIGN_STYLE = Automatic;
				CURRENT_PROJECT_VERSION = 1;
				GENERATE_INFOPLIST_FILE = YES;
				INFOPLIST_FILE = CatbirdNotificationWidget/Info.plist;
				INFOPLIST_KEY_CFBundleDisplayName = CatbirdNotificationWidget;
				INFOPLIST_KEY_NSHumanReadableCopyright = "";
				IPHONEOS_DEPLOYMENT_TARGET = 18.4;
				LD_RUNPATH_SEARCH_PATHS = (
					"$(inherited)",
					"@executable_path/Frameworks",
					"@executable_path/../../Frameworks",
				);
				MARKETING_VERSION = 1.0;
				PRODUCT_BUNDLE_IDENTIFIER = blue.catbird.CatbirdNotificationWidget;
				PRODUCT_NAME = "$(TARGET_NAME)";
				SKIP_INSTALL = YES;
				SWIFT_EMIT_LOC_STRINGS = YES;
				SWIFT_VERSION = 5.0;
				TARGETED_DEVICE_FAMILY = "1,2";
			};
			name = Debug;
		};
		21196F6E2DC25F6000662CC3 /* Release */ = {
			isa = XCBuildConfiguration;
			buildSettings = {
				ASSETCATALOG_COMPILER_GLOBAL_ACCENT_COLOR_NAME = AccentColor;
				ASSETCATALOG_COMPILER_WIDGET_BACKGROUND_COLOR_NAME = WidgetBackground;
				CODE_SIGN_ENTITLEMENTS = CatbirdNotificationWidgetExtension.entitlements;
				CODE_SIGN_STYLE = Automatic;
				CURRENT_PROJECT_VERSION = 1;
				GENERATE_INFOPLIST_FILE = YES;
				INFOPLIST_FILE = CatbirdNotificationWidget/Info.plist;
				INFOPLIST_KEY_CFBundleDisplayName = CatbirdNotificationWidget;
				INFOPLIST_KEY_NSHumanReadableCopyright = "";
				IPHONEOS_DEPLOYMENT_TARGET = 18.4;
				LD_RUNPATH_SEARCH_PATHS = (
					"$(inherited)",
					"@executable_path/Frameworks",
					"@executable_path/../../Frameworks",
				);
				MARKETING_VERSION = 1.0;
				PRODUCT_BUNDLE_IDENTIFIER = blue.catbird.CatbirdNotificationWidget;
				PRODUCT_NAME = "$(TARGET_NAME)";
				SKIP_INSTALL = YES;
				SWIFT_EMIT_LOC_STRINGS = YES;
				SWIFT_VERSION = 5.0;
				TARGETED_DEVICE_FAMILY = "1,2";
			};
			name = Release;
		};
		212E94252D60132A00D3E1DD /* Debug */ = {
			isa = XCBuildConfiguration;
			buildSettings = {
				ASSETCATALOG_COMPILER_APPICON_NAME = AppIcon;
				ASSETCATALOG_COMPILER_GLOBAL_ACCENT_COLOR_NAME = AccentColor;
				CODE_SIGN_ENTITLEMENTS = Catbird/Catbird.entitlements;
				CODE_SIGN_IDENTITY = "Apple Development";
				CODE_SIGN_STYLE = Automatic;
				CURRENT_PROJECT_VERSION = 1;
				DEVELOPMENT_ASSET_PATHS = "\"Catbird/Resources/Preview Content\"";
				DEVELOPMENT_TEAM = 44U2ZPNQPK;
				ENABLE_APP_SANDBOX = YES;
				ENABLE_PREVIEWS = YES;
				ENABLE_USER_SELECTED_FILES = readonly;
				GENERATE_INFOPLIST_FILE = YES;
				INFOPLIST_FILE = Catbird/App/Info.plist;
				INFOPLIST_KEY_CFBundleDisplayName = Catbird;
				INFOPLIST_KEY_ITSAppUsesNonExemptEncryption = NO;
				INFOPLIST_KEY_LSApplicationCategoryType = "public.app-category.social-networking";
				INFOPLIST_KEY_UIApplicationSceneManifest_Generation = YES;
				INFOPLIST_KEY_UIApplicationSupportsIndirectInputEvents = YES;
				INFOPLIST_KEY_UILaunchScreen_Generation = YES;
				INFOPLIST_KEY_UISupportedInterfaceOrientations_iPad = "UIInterfaceOrientationPortrait UIInterfaceOrientationPortraitUpsideDown UIInterfaceOrientationLandscapeLeft UIInterfaceOrientationLandscapeRight";
				INFOPLIST_KEY_UISupportedInterfaceOrientations_iPhone = "UIInterfaceOrientationPortrait UIInterfaceOrientationLandscapeLeft UIInterfaceOrientationLandscapeRight";
				IPHONEOS_DEPLOYMENT_TARGET = 18;
				LD_GENERATE_MAP_FILE = YES;
				LD_MAP_FILE_PATH = "$(PROJECT_DIR)/Linkmap.txt";
				LD_RUNPATH_SEARCH_PATHS = (
					"$(inherited)",
					"@executable_path/Frameworks",
				);
				MARKETING_VERSION = 1.0;
				ORDER_FILE = "";
				PRODUCT_BUNDLE_IDENTIFIER = blue.catbird;
				PRODUCT_NAME = "$(TARGET_NAME)";
				PROVISIONING_PROFILE_SPECIFIER = "";
				SUPPORTED_PLATFORMS = "iphoneos iphonesimulator";
				SUPPORTS_MACCATALYST = NO;
				SUPPORTS_MAC_DESIGNED_FOR_IPHONE_IPAD = YES;
				SWIFT_EMIT_LOC_STRINGS = YES;
				SWIFT_VERSION = 5.0;
				TARGETED_DEVICE_FAMILY = "1,2";
			};
			name = Debug;
		};
		212E94262D60132A00D3E1DD /* Release */ = {
			isa = XCBuildConfiguration;
			buildSettings = {
				ASSETCATALOG_COMPILER_APPICON_NAME = AppIcon;
				ASSETCATALOG_COMPILER_GLOBAL_ACCENT_COLOR_NAME = AccentColor;
				CODE_SIGN_ENTITLEMENTS = Catbird/Catbird.entitlements;
				CODE_SIGN_IDENTITY = "Apple Development";
				CODE_SIGN_STYLE = Automatic;
				CURRENT_PROJECT_VERSION = 1;
				DEVELOPMENT_ASSET_PATHS = "\"Catbird/Resources/Preview Content\"";
				DEVELOPMENT_TEAM = 44U2ZPNQPK;
				ENABLE_APP_SANDBOX = YES;
				ENABLE_PREVIEWS = YES;
				ENABLE_USER_SELECTED_FILES = readonly;
				GENERATE_INFOPLIST_FILE = YES;
				INFOPLIST_FILE = Catbird/App/Info.plist;
				INFOPLIST_KEY_CFBundleDisplayName = Catbird;
				INFOPLIST_KEY_ITSAppUsesNonExemptEncryption = NO;
				INFOPLIST_KEY_LSApplicationCategoryType = "public.app-category.social-networking";
				INFOPLIST_KEY_UIApplicationSceneManifest_Generation = YES;
				INFOPLIST_KEY_UIApplicationSupportsIndirectInputEvents = YES;
				INFOPLIST_KEY_UILaunchScreen_Generation = YES;
				INFOPLIST_KEY_UISupportedInterfaceOrientations_iPad = "UIInterfaceOrientationPortrait UIInterfaceOrientationPortraitUpsideDown UIInterfaceOrientationLandscapeLeft UIInterfaceOrientationLandscapeRight";
				INFOPLIST_KEY_UISupportedInterfaceOrientations_iPhone = "UIInterfaceOrientationPortrait UIInterfaceOrientationLandscapeLeft UIInterfaceOrientationLandscapeRight";
				IPHONEOS_DEPLOYMENT_TARGET = 18;
				LD_GENERATE_MAP_FILE = YES;
				LD_MAP_FILE_PATH = "$(PROJECT_DIR)/Linkmap.txt";
				LD_RUNPATH_SEARCH_PATHS = (
					"$(inherited)",
					"@executable_path/Frameworks",
				);
				MARKETING_VERSION = 1.0;
				ORDER_FILE = "$(PROJECT_DIR)/order-file.txt";
				PRODUCT_BUNDLE_IDENTIFIER = blue.catbird;
				PRODUCT_NAME = "$(TARGET_NAME)";
				PROVISIONING_PROFILE_SPECIFIER = "";
				SUPPORTED_PLATFORMS = "iphoneos iphonesimulator";
				SUPPORTS_MACCATALYST = NO;
				SUPPORTS_MAC_DESIGNED_FOR_IPHONE_IPAD = YES;
				SWIFT_EMIT_LOC_STRINGS = YES;
				SWIFT_VERSION = 5.0;
				TARGETED_DEVICE_FAMILY = "1,2";
			};
			name = Release;
		};
		212E94272D60132A00D3E1DD /* Debug */ = {
			isa = XCBuildConfiguration;
			buildSettings = {
				ALWAYS_SEARCH_USER_PATHS = NO;
				ASSETCATALOG_COMPILER_GENERATE_SWIFT_ASSET_SYMBOL_EXTENSIONS = YES;
				CLANG_ANALYZER_NONNULL = YES;
				CLANG_ANALYZER_NUMBER_OBJECT_CONVERSION = YES_AGGRESSIVE;
				CLANG_CXX_LANGUAGE_STANDARD = "gnu++20";
				CLANG_ENABLE_MODULES = YES;
				CLANG_ENABLE_OBJC_ARC = YES;
				CLANG_ENABLE_OBJC_WEAK = YES;
				CLANG_WARN_BLOCK_CAPTURE_AUTORELEASING = YES;
				CLANG_WARN_BOOL_CONVERSION = YES;
				CLANG_WARN_COMMA = YES;
				CLANG_WARN_CONSTANT_CONVERSION = YES;
				CLANG_WARN_DEPRECATED_OBJC_IMPLEMENTATIONS = YES;
				CLANG_WARN_DIRECT_OBJC_ISA_USAGE = YES_ERROR;
				CLANG_WARN_DOCUMENTATION_COMMENTS = YES;
				CLANG_WARN_EMPTY_BODY = YES;
				CLANG_WARN_ENUM_CONVERSION = YES;
				CLANG_WARN_INFINITE_RECURSION = YES;
				CLANG_WARN_INT_CONVERSION = YES;
				CLANG_WARN_NON_LITERAL_NULL_CONVERSION = YES;
				CLANG_WARN_OBJC_IMPLICIT_RETAIN_SELF = YES;
				CLANG_WARN_OBJC_LITERAL_CONVERSION = YES;
				CLANG_WARN_OBJC_ROOT_CLASS = YES_ERROR;
				CLANG_WARN_QUOTED_INCLUDE_IN_FRAMEWORK_HEADER = YES;
				CLANG_WARN_RANGE_LOOP_ANALYSIS = YES;
				CLANG_WARN_STRICT_PROTOTYPES = YES;
				CLANG_WARN_SUSPICIOUS_MOVE = YES;
				CLANG_WARN_UNGUARDED_AVAILABILITY = YES_AGGRESSIVE;
				CLANG_WARN_UNREACHABLE_CODE = YES;
				CLANG_WARN__DUPLICATE_METHOD_MATCH = YES;
				COPY_PHASE_STRIP = NO;
				DEBUG_INFORMATION_FORMAT = dwarf;
				DEVELOPMENT_TEAM = 44U2ZPNQPK;
				ENABLE_STRICT_OBJC_MSGSEND = YES;
				ENABLE_TESTABILITY = YES;
				ENABLE_USER_SCRIPT_SANDBOXING = NO;
				GCC_C_LANGUAGE_STANDARD = gnu17;
				GCC_DYNAMIC_NO_PIC = NO;
				GCC_NO_COMMON_BLOCKS = YES;
				GCC_OPTIMIZATION_LEVEL = 0;
				GCC_PREPROCESSOR_DEFINITIONS = (
					"DEBUG=1",
					"$(inherited)",
				);
				GCC_WARN_64_TO_32_BIT_CONVERSION = YES;
				GCC_WARN_ABOUT_RETURN_TYPE = YES_ERROR;
				GCC_WARN_UNDECLARED_SELECTOR = YES;
				GCC_WARN_UNINITIALIZED_AUTOS = YES_AGGRESSIVE;
				GCC_WARN_UNUSED_FUNCTION = YES;
				GCC_WARN_UNUSED_VARIABLE = YES;
				IPHONEOS_DEPLOYMENT_TARGET = 17.6;
				LOCALIZATION_PREFERS_STRING_CATALOGS = YES;
				MTL_ENABLE_DEBUG_INFO = INCLUDE_SOURCE;
				MTL_FAST_MATH = YES;
				ONLY_ACTIVE_ARCH = YES;
				"OTHER_SWIFT_FLAGS[arch=*]" = "";
				SDKROOT = iphoneos;
				STRING_CATALOG_GENERATE_SYMBOLS = YES;
				SWIFT_ACTIVE_COMPILATION_CONDITIONS = "DEBUG $(inherited)";
				SWIFT_OPTIMIZATION_LEVEL = "-Onone";
			};
			name = Debug;
		};
		212E94282D60132A00D3E1DD /* Release */ = {
			isa = XCBuildConfiguration;
			buildSettings = {
				ALWAYS_SEARCH_USER_PATHS = NO;
				ASSETCATALOG_COMPILER_GENERATE_SWIFT_ASSET_SYMBOL_EXTENSIONS = YES;
				CLANG_ANALYZER_NONNULL = YES;
				CLANG_ANALYZER_NUMBER_OBJECT_CONVERSION = YES_AGGRESSIVE;
				CLANG_CXX_LANGUAGE_STANDARD = "gnu++20";
				CLANG_ENABLE_MODULES = YES;
				CLANG_ENABLE_OBJC_ARC = YES;
				CLANG_ENABLE_OBJC_WEAK = YES;
				CLANG_WARN_BLOCK_CAPTURE_AUTORELEASING = YES;
				CLANG_WARN_BOOL_CONVERSION = YES;
				CLANG_WARN_COMMA = YES;
				CLANG_WARN_CONSTANT_CONVERSION = YES;
				CLANG_WARN_DEPRECATED_OBJC_IMPLEMENTATIONS = YES;
				CLANG_WARN_DIRECT_OBJC_ISA_USAGE = YES_ERROR;
				CLANG_WARN_DOCUMENTATION_COMMENTS = YES;
				CLANG_WARN_EMPTY_BODY = YES;
				CLANG_WARN_ENUM_CONVERSION = YES;
				CLANG_WARN_INFINITE_RECURSION = YES;
				CLANG_WARN_INT_CONVERSION = YES;
				CLANG_WARN_NON_LITERAL_NULL_CONVERSION = YES;
				CLANG_WARN_OBJC_IMPLICIT_RETAIN_SELF = YES;
				CLANG_WARN_OBJC_LITERAL_CONVERSION = YES;
				CLANG_WARN_OBJC_ROOT_CLASS = YES_ERROR;
				CLANG_WARN_QUOTED_INCLUDE_IN_FRAMEWORK_HEADER = YES;
				CLANG_WARN_RANGE_LOOP_ANALYSIS = YES;
				CLANG_WARN_STRICT_PROTOTYPES = YES;
				CLANG_WARN_SUSPICIOUS_MOVE = YES;
				CLANG_WARN_UNGUARDED_AVAILABILITY = YES_AGGRESSIVE;
				CLANG_WARN_UNREACHABLE_CODE = YES;
				CLANG_WARN__DUPLICATE_METHOD_MATCH = YES;
				COPY_PHASE_STRIP = NO;
				DEBUG_INFORMATION_FORMAT = "dwarf-with-dsym";
				DEVELOPMENT_TEAM = 44U2ZPNQPK;
				ENABLE_NS_ASSERTIONS = NO;
				ENABLE_STRICT_OBJC_MSGSEND = YES;
				ENABLE_USER_SCRIPT_SANDBOXING = NO;
				GCC_C_LANGUAGE_STANDARD = gnu17;
				GCC_NO_COMMON_BLOCKS = YES;
				GCC_WARN_64_TO_32_BIT_CONVERSION = YES;
				GCC_WARN_ABOUT_RETURN_TYPE = YES_ERROR;
				GCC_WARN_UNDECLARED_SELECTOR = YES;
				GCC_WARN_UNINITIALIZED_AUTOS = YES_AGGRESSIVE;
				GCC_WARN_UNUSED_FUNCTION = YES;
				GCC_WARN_UNUSED_VARIABLE = YES;
				IPHONEOS_DEPLOYMENT_TARGET = 17.6;
				LOCALIZATION_PREFERS_STRING_CATALOGS = YES;
				MTL_ENABLE_DEBUG_INFO = NO;
				MTL_FAST_MATH = YES;
				SDKROOT = iphoneos;
				STRING_CATALOG_GENERATE_SYMBOLS = YES;
				SWIFT_COMPILATION_MODE = wholemodule;
				VALIDATE_PRODUCT = YES;
			};
			name = Release;
		};
		212E942A2D60132A00D3E1DD /* Debug */ = {
			isa = XCBuildConfiguration;
			buildSettings = {
				BUNDLE_LOADER = "$(TEST_HOST)";
				CODE_SIGN_STYLE = Automatic;
				CURRENT_PROJECT_VERSION = 1;
				GENERATE_INFOPLIST_FILE = YES;
				IPHONEOS_DEPLOYMENT_TARGET = 18.0;
				MARKETING_VERSION = 1.0;
				PRODUCT_BUNDLE_IDENTIFIER = blue.catbird.CatbirdTests;
				PRODUCT_NAME = "$(TARGET_NAME)";
				SWIFT_EMIT_LOC_STRINGS = NO;
				SWIFT_VERSION = 5.0;
				TARGETED_DEVICE_FAMILY = "1,2";
				TEST_HOST = "$(BUILT_PRODUCTS_DIR)/Catbird.app/$(BUNDLE_EXECUTABLE_FOLDER_PATH)/Catbird";
			};
			name = Debug;
		};
		212E942B2D60132A00D3E1DD /* Release */ = {
			isa = XCBuildConfiguration;
			buildSettings = {
				BUNDLE_LOADER = "$(TEST_HOST)";
				CODE_SIGN_STYLE = Automatic;
				CURRENT_PROJECT_VERSION = 1;
				GENERATE_INFOPLIST_FILE = YES;
				IPHONEOS_DEPLOYMENT_TARGET = 18.0;
				MARKETING_VERSION = 1.0;
				PRODUCT_BUNDLE_IDENTIFIER = blue.catbird.CatbirdTests;
				PRODUCT_NAME = "$(TARGET_NAME)";
				SWIFT_EMIT_LOC_STRINGS = NO;
				SWIFT_VERSION = 5.0;
				TARGETED_DEVICE_FAMILY = "1,2";
				TEST_HOST = "$(BUILT_PRODUCTS_DIR)/Catbird.app/$(BUNDLE_EXECUTABLE_FOLDER_PATH)/Catbird";
			};
			name = Release;
		};
		212E942D2D60132A00D3E1DD /* Debug */ = {
			isa = XCBuildConfiguration;
			buildSettings = {
				CODE_SIGN_STYLE = Automatic;
				CURRENT_PROJECT_VERSION = 1;
				DEVELOPMENT_TEAM = 44U2ZPNQPK;
				GENERATE_INFOPLIST_FILE = YES;
				IPHONEOS_DEPLOYMENT_TARGET = 18.0;
				MARKETING_VERSION = 1.0;
				PRODUCT_BUNDLE_IDENTIFIER = blue.catbird.CatbirdUITests;
				PRODUCT_NAME = "$(TARGET_NAME)";
				SWIFT_EMIT_LOC_STRINGS = NO;
				SWIFT_VERSION = 5.0;
				TARGETED_DEVICE_FAMILY = "1,2";
				TEST_TARGET_NAME = Catbird;
			};
			name = Debug;
		};
		212E942E2D60132A00D3E1DD /* Release */ = {
			isa = XCBuildConfiguration;
			buildSettings = {
				CODE_SIGN_STYLE = Automatic;
				CURRENT_PROJECT_VERSION = 1;
				DEVELOPMENT_TEAM = 44U2ZPNQPK;
				GENERATE_INFOPLIST_FILE = YES;
				IPHONEOS_DEPLOYMENT_TARGET = 18.0;
				MARKETING_VERSION = 1.0;
				PRODUCT_BUNDLE_IDENTIFIER = blue.catbird.CatbirdUITests;
				PRODUCT_NAME = "$(TARGET_NAME)";
				SWIFT_EMIT_LOC_STRINGS = NO;
				SWIFT_VERSION = 5.0;
				TARGETED_DEVICE_FAMILY = "1,2";
				TEST_TARGET_NAME = Catbird;
			};
			name = Release;
		};
		21DDE5FF2DF4EDB5009E9825 /* Debug */ = {
			isa = XCBuildConfiguration;
			buildSettings = {
				ASSETCATALOG_COMPILER_GLOBAL_ACCENT_COLOR_NAME = AccentColor;
				ASSETCATALOG_COMPILER_WIDGET_BACKGROUND_COLOR_NAME = WidgetBackground;
				CODE_SIGN_ENTITLEMENTS = CatbirdFeedWidget/CatbirdFeedWidget.entitlements;
				CODE_SIGN_STYLE = Automatic;
				CURRENT_PROJECT_VERSION = 1;
				DEAD_CODE_STRIPPING = YES;
				ENABLE_HARDENED_RUNTIME = YES;
				ENABLE_USER_SCRIPT_SANDBOXING = YES;
				GENERATE_INFOPLIST_FILE = YES;
				INFOPLIST_FILE = CatbirdFeedWidget/Info.plist;
				INFOPLIST_KEY_CFBundleDisplayName = CatbirdFeedWidget;
				INFOPLIST_KEY_NSHumanReadableCopyright = "";
				IPHONEOS_DEPLOYMENT_TARGET = 18.5;
				LD_RUNPATH_SEARCH_PATHS = (
					"$(inherited)",
					"@executable_path/Frameworks",
					"@executable_path/../../Frameworks",
				);
				"LD_RUNPATH_SEARCH_PATHS[sdk=macosx*]" = (
					"$(inherited)",
					"@executable_path/../Frameworks",
					"@executable_path/../../../../Frameworks",
				);
				MACOSX_DEPLOYMENT_TARGET = 14.0;
				MARKETING_VERSION = 1.0;
				PRODUCT_BUNDLE_IDENTIFIER = blue.catbird.CatbirdFeedWidget;
				PRODUCT_NAME = "$(TARGET_NAME)";
				SDKROOT = auto;
				SKIP_INSTALL = YES;
				SUPPORTED_PLATFORMS = "iphoneos iphonesimulator macosx xros xrsimulator";
				SWIFT_EMIT_LOC_STRINGS = YES;
				SWIFT_VERSION = 5.0;
				TARGETED_DEVICE_FAMILY = "1,2,7";
				XROS_DEPLOYMENT_TARGET = 2.5;
			};
			name = Debug;
		};
		21DDE6002DF4EDB5009E9825 /* Release */ = {
			isa = XCBuildConfiguration;
			buildSettings = {
				ASSETCATALOG_COMPILER_GLOBAL_ACCENT_COLOR_NAME = AccentColor;
				ASSETCATALOG_COMPILER_WIDGET_BACKGROUND_COLOR_NAME = WidgetBackground;
				CODE_SIGN_ENTITLEMENTS = CatbirdFeedWidget/CatbirdFeedWidget.entitlements;
				CODE_SIGN_STYLE = Automatic;
				CURRENT_PROJECT_VERSION = 1;
				DEAD_CODE_STRIPPING = YES;
				ENABLE_HARDENED_RUNTIME = YES;
				ENABLE_USER_SCRIPT_SANDBOXING = YES;
				GENERATE_INFOPLIST_FILE = YES;
				INFOPLIST_FILE = CatbirdFeedWidget/Info.plist;
				INFOPLIST_KEY_CFBundleDisplayName = CatbirdFeedWidget;
				INFOPLIST_KEY_NSHumanReadableCopyright = "";
				IPHONEOS_DEPLOYMENT_TARGET = 18.5;
				LD_RUNPATH_SEARCH_PATHS = (
					"$(inherited)",
					"@executable_path/Frameworks",
					"@executable_path/../../Frameworks",
				);
				"LD_RUNPATH_SEARCH_PATHS[sdk=macosx*]" = (
					"$(inherited)",
					"@executable_path/../Frameworks",
					"@executable_path/../../../../Frameworks",
				);
				MACOSX_DEPLOYMENT_TARGET = 14.0;
				MARKETING_VERSION = 1.0;
				PRODUCT_BUNDLE_IDENTIFIER = blue.catbird.CatbirdFeedWidget;
				PRODUCT_NAME = "$(TARGET_NAME)";
				SDKROOT = auto;
				SKIP_INSTALL = YES;
				SUPPORTED_PLATFORMS = "iphoneos iphonesimulator macosx xros xrsimulator";
				SWIFT_EMIT_LOC_STRINGS = YES;
				SWIFT_VERSION = 5.0;
				TARGETED_DEVICE_FAMILY = "1,2,7";
				XROS_DEPLOYMENT_TARGET = 2.5;
			};
			name = Release;
		};
/* End XCBuildConfiguration section */

/* Begin XCConfigurationList section */
		21196F6C2DC25F6000662CC3 /* Build configuration list for PBXNativeTarget "CatbirdNotificationWidgetExtension" */ = {
			isa = XCConfigurationList;
			buildConfigurations = (
				21196F6D2DC25F6000662CC3 /* Debug */,
				21196F6E2DC25F6000662CC3 /* Release */,
			);
			defaultConfigurationIsVisible = 0;
			defaultConfigurationName = Release;
		};
		212E93F82D60132700D3E1DD /* Build configuration list for PBXProject "Catbird" */ = {
			isa = XCConfigurationList;
			buildConfigurations = (
				212E94272D60132A00D3E1DD /* Debug */,
				212E94282D60132A00D3E1DD /* Release */,
			);
			defaultConfigurationIsVisible = 0;
			defaultConfigurationName = Release;
		};
		212E94242D60132A00D3E1DD /* Build configuration list for PBXNativeTarget "Catbird" */ = {
			isa = XCConfigurationList;
			buildConfigurations = (
				212E94252D60132A00D3E1DD /* Debug */,
				212E94262D60132A00D3E1DD /* Release */,
			);
			defaultConfigurationIsVisible = 0;
			defaultConfigurationName = Release;
		};
		212E94292D60132A00D3E1DD /* Build configuration list for PBXNativeTarget "CatbirdTests" */ = {
			isa = XCConfigurationList;
			buildConfigurations = (
				212E942A2D60132A00D3E1DD /* Debug */,
				212E942B2D60132A00D3E1DD /* Release */,
			);
			defaultConfigurationIsVisible = 0;
			defaultConfigurationName = Release;
		};
		212E942C2D60132A00D3E1DD /* Build configuration list for PBXNativeTarget "CatbirdUITests" */ = {
			isa = XCConfigurationList;
			buildConfigurations = (
				212E942D2D60132A00D3E1DD /* Debug */,
				212E942E2D60132A00D3E1DD /* Release */,
			);
			defaultConfigurationIsVisible = 0;
			defaultConfigurationName = Release;
		};
		21DDE6012DF4EDB5009E9825 /* Build configuration list for PBXNativeTarget "CatbirdFeedWidgetExtension" */ = {
			isa = XCConfigurationList;
			buildConfigurations = (
				21DDE5FF2DF4EDB5009E9825 /* Debug */,
				21DDE6002DF4EDB5009E9825 /* Release */,
			);
			defaultConfigurationIsVisible = 0;
			defaultConfigurationName = Release;
		};
/* End XCConfigurationList section */

/* Begin XCLocalSwiftPackageReference section */
		216E56FD2E0EFEDA001E7844 /* XCLocalSwiftPackageReference "../FaultOrdering-1.0.0" */ = {
			isa = XCLocalSwiftPackageReference;
			relativePath = "../FaultOrdering-1.0.0";
		};
		21A87CAB2D94390D0062F8E9 /* XCLocalSwiftPackageReference "../Petrel" */ = {
			isa = XCLocalSwiftPackageReference;
			relativePath = ../Petrel;
		};
/* End XCLocalSwiftPackageReference section */

/* Begin XCRemoteSwiftPackageReference section */
		2121B3F32DF5201E003871F1 /* XCRemoteSwiftPackageReference "Chat" */ = {
			isa = XCRemoteSwiftPackageReference;
			repositoryURL = "https://github.com/exyte/Chat.git";
			requirement = {
				kind = upToNextMajorVersion;
				minimumVersion = 2.6.3;
			};
		};
		212E94672D6183D600D3E1DD /* XCRemoteSwiftPackageReference "Nuke" */ = {
			isa = XCRemoteSwiftPackageReference;
			repositoryURL = "https://github.com/kean/Nuke.git";
			requirement = {
				kind = upToNextMajorVersion;
				minimumVersion = 12.8.0;
			};
		};
		218B7A8A2D70B1AE0053987F /* XCRemoteSwiftPackageReference "LazyPager" */ = {
			isa = XCRemoteSwiftPackageReference;
			repositoryURL = "https://github.com/gh123man/LazyPager";
			requirement = {
				kind = upToNextMajorVersion;
				minimumVersion = 1.1.7;
			};
		};
		2194B3C42D70AA13004268BE /* XCRemoteSwiftPackageReference "swift-collections" */ = {
			isa = XCRemoteSwiftPackageReference;
			repositoryURL = "https://github.com/apple/swift-collections.git";
			requirement = {
				kind = upToNextMajorVersion;
				minimumVersion = 1.1.4;
			};
		};
		21993DFE2DCE71E600E13661 /* XCRemoteSwiftPackageReference "MCEmojiPicker" */ = {
			isa = XCRemoteSwiftPackageReference;
			repositoryURL = "https://github.com/izyumkin/MCEmojiPicker";
			requirement = {
				kind = upToNextMajorVersion;
				minimumVersion = 1.2.3;
			};
		};
		21F071942E0CF492003BE8C2 /* XCRemoteSwiftPackageReference "FaultOrdering" */ = {
			isa = XCRemoteSwiftPackageReference;
			repositoryURL = "https://github.com/getsentry/FaultOrdering";
			requirement = {
				branch = main;
				kind = branch;
			};
		};
/* End XCRemoteSwiftPackageReference section */

/* Begin XCSwiftPackageProductDependency section */
		2121B3F42DF5201E003871F1 /* ExyteChat */ = {
			isa = XCSwiftPackageProductDependency;
			package = 2121B3F32DF5201E003871F1 /* XCRemoteSwiftPackageReference "Chat" */;
			productName = ExyteChat;
		};
		212E94392D61003F00D3E1DD /* Petrel */ = {
			isa = XCSwiftPackageProductDependency;
			productName = Petrel;
		};
		212E94682D6183D600D3E1DD /* Nuke */ = {
			isa = XCSwiftPackageProductDependency;
			package = 212E94672D6183D600D3E1DD /* XCRemoteSwiftPackageReference "Nuke" */;
			productName = Nuke;
		};
		212E946A2D6183D600D3E1DD /* NukeExtensions */ = {
			isa = XCSwiftPackageProductDependency;
			package = 212E94672D6183D600D3E1DD /* XCRemoteSwiftPackageReference "Nuke" */;
			productName = NukeExtensions;
		};
		212E946C2D6183D600D3E1DD /* NukeUI */ = {
			isa = XCSwiftPackageProductDependency;
			package = 212E94672D6183D600D3E1DD /* XCRemoteSwiftPackageReference "Nuke" */;
			productName = NukeUI;
		};
		216E56FE2E0EFEF8001E7844 /* FaultOrdering */ = {
			isa = XCSwiftPackageProductDependency;
			package = 216E56FD2E0EFEDA001E7844 /* XCLocalSwiftPackageReference "../FaultOrdering-1.0.0" */;
			productName = FaultOrdering;
		};
		216E57012E0EFF02001E7844 /* FaultOrdering */ = {
			isa = XCSwiftPackageProductDependency;
			package = 216E56FD2E0EFEDA001E7844 /* XCLocalSwiftPackageReference "../FaultOrdering-1.0.0" */;
			productName = FaultOrdering;
		};
		216E57042E0EFF02001E7844 /* FaultOrderingTests */ = {
			isa = XCSwiftPackageProductDependency;
			package = 216E56FD2E0EFEDA001E7844 /* XCLocalSwiftPackageReference "../FaultOrdering-1.0.0" */;
			productName = FaultOrderingTests;
		};
		218B7A8B2D70B1AE0053987F /* LazyPager */ = {
			isa = XCSwiftPackageProductDependency;
			package = 218B7A8A2D70B1AE0053987F /* XCRemoteSwiftPackageReference "LazyPager" */;
			productName = LazyPager;
		};
		21993DFF2DCE71E600E13661 /* MCEmojiPicker */ = {
			isa = XCSwiftPackageProductDependency;
			package = 21993DFE2DCE71E600E13661 /* XCRemoteSwiftPackageReference "MCEmojiPicker" */;
			productName = MCEmojiPicker;
		};
		21A87CAC2D94390D0062F8E9 /* Petrel */ = {
			isa = XCSwiftPackageProductDependency;
			productName = Petrel;
		};
		21E108292D70BE6F0030A71C /* OrderedCollections */ = {
			isa = XCSwiftPackageProductDependency;
			package = 2194B3C42D70AA13004268BE /* XCRemoteSwiftPackageReference "swift-collections" */;
			productName = OrderedCollections;
		};
		21ECC9B52DC26B7100C2049B /* Petrel */ = {
			isa = XCSwiftPackageProductDependency;
			package = 21A87CAB2D94390D0062F8E9 /* XCLocalSwiftPackageReference "../Petrel" */;
			productName = Petrel;
		};
		21F071A12E0D0680003BE8C2 /* FaultOrdering */ = {
			isa = XCSwiftPackageProductDependency;
			package = 21F071942E0CF492003BE8C2 /* XCRemoteSwiftPackageReference "FaultOrdering" */;
			productName = FaultOrdering;
		};
/* End XCSwiftPackageProductDependency section */
	};
	rootObject = 212E93F52D60132700D3E1DD /* Project object */;
}
